
Microsoft Visual Studio Solution File, Format Version 12.00
# Visual Studio Version 16
VisualStudioVersion = 16.0.30225.117
MinimumVisualStudioVersion = 10.0.40219.1
Project("{8BC9CEB8-8B4A-11D0-8D11-00A0C91BC942}") = "C++之vector容器", "C++之vector容器.vcxproj", "{C954590F-D816-4AAF-8BA1-B93BE1C33C88}"
EndProject
Global
	GlobalSection(SolutionConfigurationPlatforms) = preSolution
		Debug|x64 = Debug|x64
		Debug|x86 = Debug|x86
		Release|x64 = Release|x64
		Release|x86 = Release|x86
	EndGlobalSection
	GlobalSection(ProjectConfigurationPlatforms) = postSolution
		{C954590F-D816-4AAF-8BA1-B93BE1C33C88}.Debug|x64.ActiveCfg = Debug|x64
		{C954590F-D816-4AAF-8BA1-B93BE1C33C88}.Debug|x64.Build.0 = Debug|x64
		{C954590F-D816-4AAF-8BA1-B93BE1C33C88}.Debug|x86.ActiveCfg = Debug|Win32
		{C954590F-D816-4AAF-8BA1-B93BE1C33C88}.Debug|x86.Build.0 = Debug|Win32
		{C954590F-D816-4AAF-8BA1-B93BE1C33C88}.Release|x64.ActiveCfg = Release|x64
		{C954590F-D816-4AAF-8BA1-B93BE1C33C88}.Release|x64.Build.0 = Release|x64
		{C954590F-D816-4AAF-8BA1-B93BE1C33C88}.Release|x86.ActiveCfg = Release|Win32
		{C954590F-D816-4AAF-8BA1-B93BE1C33C88}.Release|x86.Build.0 = Release|Win32
	EndGlobalSection
	GlobalSection(SolutionProperties) = preSolution
		HideSolutionNode = FALSE
	EndGlobalSection
	GlobalSection(ExtensibilityGlobals) = postSolution
		SolutionGuid = {E73493B0-3605-4152-B5C8-495579291C00}
	EndGlobalSection
EndGlobal
