
Microsoft Visual Studio Solution File, Format Version 12.00
# Visual Studio Version 16
VisualStudioVersion = 16.0.30225.117
MinimumVisualStudioVersion = 10.0.40219.1
Project("{8BC9CEB8-8B4A-11D0-8D11-00A0C91BC942}") = "C++STL函数对象", "C++STL函数对象\C++STL函数对象.vcxproj", "{962465B4-3A62-4072-8043-F719AEAC09FC}"
EndProject
Global
	GlobalSection(SolutionConfigurationPlatforms) = preSolution
		Debug|x64 = Debug|x64
		Debug|x86 = Debug|x86
		Release|x64 = Release|x64
		Release|x86 = Release|x86
	EndGlobalSection
	GlobalSection(ProjectConfigurationPlatforms) = postSolution
		{962465B4-3A62-4072-8043-F719AEAC09FC}.Debug|x64.ActiveCfg = Debug|x64
		{962465B4-3A62-4072-8043-F719AEAC09FC}.Debug|x64.Build.0 = Debug|x64
		{962465B4-3A62-4072-8043-F719AEAC09FC}.Debug|x86.ActiveCfg = Debug|Win32
		{962465B4-3A62-4072-8043-F719AEAC09FC}.Debug|x86.Build.0 = Debug|Win32
		{962465B4-3A62-4072-8043-F719AEAC09FC}.Release|x64.ActiveCfg = Release|x64
		{962465B4-3A62-4072-8043-F719AEAC09FC}.Release|x64.Build.0 = Release|x64
		{962465B4-3A62-4072-8043-F719AEAC09FC}.Release|x86.ActiveCfg = Release|Win32
		{962465B4-3A62-4072-8043-F719AEAC09FC}.Release|x86.Build.0 = Release|Win32
	EndGlobalSection
	GlobalSection(SolutionProperties) = preSolution
		HideSolutionNode = FALSE
	EndGlobalSection
	GlobalSection(ExtensibilityGlobals) = postSolution
		SolutionGuid = {EDC76C1C-AFB9-4723-A80A-2578973CB81E}
	EndGlobalSection
EndGlobal
